// !$*UTF8*$!
{
	archiveVersion = 1;
	classes = {
	};
	objectVersion = 56;
	objects = {

/* Begin PBXBuildFile section */
		064788302BC906E90039A9C0 /* HomeVC.swift in Sources */ = {isa = PBXBuildFile; fileRef = 0647882F2BC906E90039A9C0 /* HomeVC.swift */; };
		064788342BC937C00039A9C0 /* TabBarVC.swift in Sources */ = {isa = PBXBuildFile; fileRef = 064788332BC937C00039A9C0 /* TabBarVC.swift */; };
		064788372BC9390D0039A9C0 /* ExploreVC.swift in Sources */ = {isa = PBXBuildFile; fileRef = 064788362BC9390D0039A9C0 /* ExploreVC.swift */; };
		0647883A2BC939690039A9C0 /* TripVC.swift in Sources */ = {isa = PBXBuildFile; fileRef = 064788392BC939690039A9C0 /* TripVC.swift */; };
		0647883D2BC9399C0039A9C0 /* ProfileVC.swift in Sources */ = {isa = PBXBuildFile; fileRef = 0647883C2BC9399C0039A9C0 /* ProfileVC.swift */; };
		064A26922BB7ACBD00D0D3C7 /* CreateAccountVC.swift in Sources */ = {isa = PBXBuildFile; fileRef = 064A26912BB7ACBC00D0D3C7 /* CreateAccountVC.swift */; };
		064A26942BB7B8F100D0D3C7 /* NotiInfoVC.swift in Sources */ = {isa = PBXBuildFile; fileRef = 064A26932BB7B8F100D0D3C7 /* NotiInfoVC.swift */; };
		064A26962BB7BCD500D0D3C7 /* WelcomeVC.swift in Sources */ = {isa = PBXBuildFile; fileRef = 064A26952BB7BCD500D0D3C7 /* WelcomeVC.swift */; };
		064A269A2BB80BA700D0D3C7 /* RegionCell.swift in Sources */ = {isa = PBXBuildFile; fileRef = 064A26982BB80BA700D0D3C7 /* RegionCell.swift */; };
		064A269B2BB80BA700D0D3C7 /* RegionCell.xib in Resources */ = {isa = PBXBuildFile; fileRef = 064A26992BB80BA700D0D3C7 /* RegionCell.xib */; };
		064A269E2BB8209800D0D3C7 /* Region.swift in Sources */ = {isa = PBXBuildFile; fileRef = 064A269D2BB8209800D0D3C7 /* Region.swift */; };
		0680324C2BC5797E0009BF4E /* Regex.swift in Sources */ = {isa = PBXBuildFile; fileRef = 0680324B2BC5797E0009BF4E /* Regex.swift */; };
		068032532BC6589F0009BF4E /* EmailVM.swift in Sources */ = {isa = PBXBuildFile; fileRef = 068032522BC6589F0009BF4E /* EmailVM.swift */; };
		068032552BC65BDC0009BF4E /* LoginVC.swift in Sources */ = {isa = PBXBuildFile; fileRef = 068032542BC65BDC0009BF4E /* LoginVC.swift */; };
		068032572BC65BEC0009BF4E /* LoginVM.swift in Sources */ = {isa = PBXBuildFile; fileRef = 068032562BC65BEC0009BF4E /* LoginVM.swift */; };
		0680325A2BC665E40009BF4E /* String.swift in Sources */ = {isa = PBXBuildFile; fileRef = 068032592BC665E40009BF4E /* String.swift */; };
		0680325C2BC66B060009BF4E /* UITextField.swift in Sources */ = {isa = PBXBuildFile; fileRef = 0680325B2BC66B060009BF4E /* UITextField.swift */; };
		0680325F2BC6799C0009BF4E /* CreateAccountVM.swift in Sources */ = {isa = PBXBuildFile; fileRef = 0680325E2BC6799C0009BF4E /* CreateAccountVM.swift */; };
		068032622BC67D150009BF4E /* WelcomeVM.swift in Sources */ = {isa = PBXBuildFile; fileRef = 068032612BC67D150009BF4E /* WelcomeVM.swift */; };
		068032652BC6813B0009BF4E /* NotiInfoVM.swift in Sources */ = {isa = PBXBuildFile; fileRef = 068032642BC6813B0009BF4E /* NotiInfoVM.swift */; };
		068032682BC6C1CB0009BF4E /* RegionRepository.swift in Sources */ = {isa = PBXBuildFile; fileRef = 068032672BC6C1CB0009BF4E /* RegionRepository.swift */; };
		0680326C2BC6C2640009BF4E /* RegionDataSource.swift in Sources */ = {isa = PBXBuildFile; fileRef = 0680326B2BC6C2640009BF4E /* RegionDataSource.swift */; };
		0680326E2BC827590009BF4E /* Array.swift in Sources */ = {isa = PBXBuildFile; fileRef = 0680326D2BC827580009BF4E /* Array.swift */; };
		068032712BC8F8DE0009BF4E /* Home.storyboard in Resources */ = {isa = PBXBuildFile; fileRef = 068032702BC8F8DE0009BF4E /* Home.storyboard */; };
		06BBBCE52BB1CD0600C0B0CC /* AppDelegate.swift in Sources */ = {isa = PBXBuildFile; fileRef = 06BBBCE42BB1CD0600C0B0CC /* AppDelegate.swift */; };
		06BBBCE72BB1CD0600C0B0CC /* SceneDelegate.swift in Sources */ = {isa = PBXBuildFile; fileRef = 06BBBCE62BB1CD0600C0B0CC /* SceneDelegate.swift */; };
		06BBBCEC2BB1CD0600C0B0CC /* Base in Resources */ = {isa = PBXBuildFile; fileRef = 06BBBCEB2BB1CD0600C0B0CC /* Base */; };
		06BBBCEE2BB1CD0A00C0B0CC /* Assets.xcassets in Resources */ = {isa = PBXBuildFile; fileRef = 06BBBCED2BB1CD0A00C0B0CC /* Assets.xcassets */; };
		06BBBCF12BB1CD0A00C0B0CC /* Base in Resources */ = {isa = PBXBuildFile; fileRef = 06BBBCF02BB1CD0A00C0B0CC /* Base */; };
		06BBBD002BB1ECCC00C0B0CC /* RootNC.swift in Sources */ = {isa = PBXBuildFile; fileRef = 06BBBCFF2BB1ECCC00C0B0CC /* RootNC.swift */; };
		06CB67192BB4668C0095A24B /* EmailVC.swift in Sources */ = {isa = PBXBuildFile; fileRef = 06CB67182BB4668C0095A24B /* EmailVC.swift */; };
		06CD20EA2BCDA63F00784D30 /* FlightSearchVC.swift in Sources */ = {isa = PBXBuildFile; fileRef = 06CD20E92BCDA63F00784D30 /* FlightSearchVC.swift */; };
		06CD20EC2BCDA64C00784D30 /* FlightSearchVM.swift in Sources */ = {isa = PBXBuildFile; fileRef = 06CD20EB2BCDA64C00784D30 /* FlightSearchVM.swift */; };
		06CD20F02BCDA69800784D30 /* FlightDetailVC.swift in Sources */ = {isa = PBXBuildFile; fileRef = 06CD20EF2BCDA69800784D30 /* FlightDetailVC.swift */; };
		06CD20F22BCDA6A200784D30 /* FlightListVC.swift in Sources */ = {isa = PBXBuildFile; fileRef = 06CD20F12BCDA6A200784D30 /* FlightListVC.swift */; };
		06CD20F52BCDA6BB00784D30 /* FlightListVM.swift in Sources */ = {isa = PBXBuildFile; fileRef = 06CD20F42BCDA6BB00784D30 /* FlightListVM.swift */; };
		06CD20F72BCDA6C400784D30 /* FlightDetailVM.swift in Sources */ = {isa = PBXBuildFile; fileRef = 06CD20F62BCDA6C400784D30 /* FlightDetailVM.swift */; };
/* End PBXBuildFile section */

/* Begin PBXFileReference section */
		0647882F2BC906E90039A9C0 /* HomeVC.swift */ = {isa = PBXFileReference; lastKnownFileType = sourcecode.swift; path = HomeVC.swift; sourceTree = "<group>"; };
		064788332BC937C00039A9C0 /* TabBarVC.swift */ = {isa = PBXFileReference; lastKnownFileType = sourcecode.swift; path = TabBarVC.swift; sourceTree = "<group>"; };
		064788362BC9390D0039A9C0 /* ExploreVC.swift */ = {isa = PBXFileReference; lastKnownFileType = sourcecode.swift; path = ExploreVC.swift; sourceTree = "<group>"; };
		064788392BC939690039A9C0 /* TripVC.swift */ = {isa = PBXFileReference; lastKnownFileType = sourcecode.swift; path = TripVC.swift; sourceTree = "<group>"; };
		0647883C2BC9399C0039A9C0 /* ProfileVC.swift */ = {isa = PBXFileReference; lastKnownFileType = sourcecode.swift; path = ProfileVC.swift; sourceTree = "<group>"; };
		064A26912BB7ACBC00D0D3C7 /* CreateAccountVC.swift */ = {isa = PBXFileReference; lastKnownFileType = sourcecode.swift; path = CreateAccountVC.swift; sourceTree = "<group>"; };
		064A26932BB7B8F100D0D3C7 /* NotiInfoVC.swift */ = {isa = PBXFileReference; lastKnownFileType = sourcecode.swift; path = NotiInfoVC.swift; sourceTree = "<group>"; };
		064A26952BB7BCD500D0D3C7 /* WelcomeVC.swift */ = {isa = PBXFileReference; lastKnownFileType = sourcecode.swift; path = WelcomeVC.swift; sourceTree = "<group>"; };
		064A26982BB80BA700D0D3C7 /* RegionCell.swift */ = {isa = PBXFileReference; lastKnownFileType = sourcecode.swift; path = RegionCell.swift; sourceTree = "<group>"; };
		064A26992BB80BA700D0D3C7 /* RegionCell.xib */ = {isa = PBXFileReference; lastKnownFileType = file.xib; path = RegionCell.xib; sourceTree = "<group>"; };
		064A269D2BB8209800D0D3C7 /* Region.swift */ = {isa = PBXFileReference; lastKnownFileType = sourcecode.swift; path = Region.swift; sourceTree = "<group>"; };
		0680324B2BC5797E0009BF4E /* Regex.swift */ = {isa = PBXFileReference; lastKnownFileType = sourcecode.swift; path = Regex.swift; sourceTree = "<group>"; };
		068032522BC6589F0009BF4E /* EmailVM.swift */ = {isa = PBXFileReference; lastKnownFileType = sourcecode.swift; path = EmailVM.swift; sourceTree = "<group>"; };
		068032542BC65BDC0009BF4E /* LoginVC.swift */ = {isa = PBXFileReference; lastKnownFileType = sourcecode.swift; name = LoginVC.swift; path = KAYAK/Views/Vc/Email/LoginVC.swift; sourceTree = SOURCE_ROOT; };
		068032562BC65BEC0009BF4E /* LoginVM.swift */ = {isa = PBXFileReference; lastKnownFileType = sourcecode.swift; name = LoginVM.swift; path = KAYAK/Views/Vc/Email/LoginVM.swift; sourceTree = SOURCE_ROOT; };
		068032592BC665E40009BF4E /* String.swift */ = {isa = PBXFileReference; lastKnownFileType = sourcecode.swift; path = String.swift; sourceTree = "<group>"; };
		0680325B2BC66B060009BF4E /* UITextField.swift */ = {isa = PBXFileReference; lastKnownFileType = sourcecode.swift; path = UITextField.swift; sourceTree = "<group>"; };
		0680325E2BC6799C0009BF4E /* CreateAccountVM.swift */ = {isa = PBXFileReference; lastKnownFileType = sourcecode.swift; path = CreateAccountVM.swift; sourceTree = "<group>"; };
		068032612BC67D150009BF4E /* WelcomeVM.swift */ = {isa = PBXFileReference; lastKnownFileType = sourcecode.swift; path = WelcomeVM.swift; sourceTree = "<group>"; };
		068032642BC6813B0009BF4E /* NotiInfoVM.swift */ = {isa = PBXFileReference; lastKnownFileType = sourcecode.swift; path = NotiInfoVM.swift; sourceTree = "<group>"; };
		068032672BC6C1CB0009BF4E /* RegionRepository.swift */ = {isa = PBXFileReference; lastKnownFileType = sourcecode.swift; path = RegionRepository.swift; sourceTree = "<group>"; };
		0680326B2BC6C2640009BF4E /* RegionDataSource.swift */ = {isa = PBXFileReference; lastKnownFileType = sourcecode.swift; path = RegionDataSource.swift; sourceTree = "<group>"; };
		0680326D2BC827580009BF4E /* Array.swift */ = {isa = PBXFileReference; lastKnownFileType = sourcecode.swift; path = Array.swift; sourceTree = "<group>"; };
		068032702BC8F8DE0009BF4E /* Home.storyboard */ = {isa = PBXFileReference; lastKnownFileType = file.storyboard; path = Home.storyboard; sourceTree = "<group>"; };
		06BBBCE12BB1CD0600C0B0CC /* KAYAK.app */ = {isa = PBXFileReference; explicitFileType = wrapper.application; includeInIndex = 0; path = KAYAK.app; sourceTree = BUILT_PRODUCTS_DIR; };
		06BBBCE42BB1CD0600C0B0CC /* AppDelegate.swift */ = {isa = PBXFileReference; lastKnownFileType = sourcecode.swift; path = AppDelegate.swift; sourceTree = "<group>"; };
		06BBBCE62BB1CD0600C0B0CC /* SceneDelegate.swift */ = {isa = PBXFileReference; lastKnownFileType = sourcecode.swift; path = SceneDelegate.swift; sourceTree = "<group>"; };
		06BBBCEB2BB1CD0600C0B0CC /* Base */ = {isa = PBXFileReference; lastKnownFileType = file.storyboard; name = Base; path = Base.lproj/Main.storyboard; sourceTree = "<group>"; };
		06BBBCED2BB1CD0A00C0B0CC /* Assets.xcassets */ = {isa = PBXFileReference; lastKnownFileType = folder.assetcatalog; path = Assets.xcassets; sourceTree = "<group>"; };
		06BBBCF02BB1CD0A00C0B0CC /* Base */ = {isa = PBXFileReference; lastKnownFileType = file.storyboard; name = Base; path = Base.lproj/LaunchScreen.storyboard; sourceTree = "<group>"; };
		06BBBCF22BB1CD0A00C0B0CC /* Info.plist */ = {isa = PBXFileReference; lastKnownFileType = text.plist.xml; path = Info.plist; sourceTree = "<group>"; };
		06BBBCFF2BB1ECCC00C0B0CC /* RootNC.swift */ = {isa = PBXFileReference; lastKnownFileType = sourcecode.swift; path = RootNC.swift; sourceTree = "<group>"; };
		06CB67182BB4668C0095A24B /* EmailVC.swift */ = {isa = PBXFileReference; lastKnownFileType = sourcecode.swift; path = EmailVC.swift; sourceTree = "<group>"; };
		06CD20E92BCDA63F00784D30 /* FlightSearchVC.swift */ = {isa = PBXFileReference; lastKnownFileType = sourcecode.swift; path = FlightSearchVC.swift; sourceTree = "<group>"; };
		06CD20EB2BCDA64C00784D30 /* FlightSearchVM.swift */ = {isa = PBXFileReference; lastKnownFileType = sourcecode.swift; path = FlightSearchVM.swift; sourceTree = "<group>"; };
		06CD20EF2BCDA69800784D30 /* FlightDetailVC.swift */ = {isa = PBXFileReference; lastKnownFileType = sourcecode.swift; path = FlightDetailVC.swift; sourceTree = "<group>"; };
		06CD20F12BCDA6A200784D30 /* FlightListVC.swift */ = {isa = PBXFileReference; lastKnownFileType = sourcecode.swift; path = FlightListVC.swift; sourceTree = "<group>"; };
		06CD20F42BCDA6BB00784D30 /* FlightListVM.swift */ = {isa = PBXFileReference; lastKnownFileType = sourcecode.swift; path = FlightListVM.swift; sourceTree = "<group>"; };
		06CD20F62BCDA6C400784D30 /* FlightDetailVM.swift */ = {isa = PBXFileReference; lastKnownFileType = sourcecode.swift; path = FlightDetailVM.swift; sourceTree = "<group>"; };
/* End PBXFileReference section */

/* Begin PBXFrameworksBuildPhase section */
		06BBBCDE2BB1CD0600C0B0CC /* Frameworks */ = {
			isa = PBXFrameworksBuildPhase;
			buildActionMask = 2147483647;
			files = (
			);
			runOnlyForDeploymentPostprocessing = 0;
		};
/* End PBXFrameworksBuildPhase section */

/* Begin PBXGroup section */
		0647882E2BC906DA0039A9C0 /* Home */ = {
			isa = PBXGroup;
			children = (
				0647882F2BC906E90039A9C0 /* HomeVC.swift */,
			);
			path = Home;
			sourceTree = "<group>";
		};
		064788322BC937A00039A9C0 /* Tabbar */ = {
			isa = PBXGroup;
			children = (
				064788332BC937C00039A9C0 /* TabBarVC.swift */,
			);
			path = Tabbar;
			sourceTree = "<group>";
		};
		064788352BC938F90039A9C0 /* Explore */ = {
			isa = PBXGroup;
			children = (
				064788362BC9390D0039A9C0 /* ExploreVC.swift */,
			);
			path = Explore;
			sourceTree = "<group>";
		};
		064788382BC939590039A9C0 /* Trip */ = {
			isa = PBXGroup;
			children = (
				064788392BC939690039A9C0 /* TripVC.swift */,
			);
			path = Trip;
			sourceTree = "<group>";
		};
		0647883B2BC9398D0039A9C0 /* Profile */ = {
			isa = PBXGroup;
			children = (
				0647883C2BC9399C0039A9C0 /* ProfileVC.swift */,
			);
			path = Profile;
			sourceTree = "<group>";
		};
		064A26972BB8088D00D0D3C7 /* Cell */ = {
			isa = PBXGroup;
			children = (
				068032662BC6BD860009BF4E /* RegionCell */,
			);
			path = Cell;
			sourceTree = "<group>";
		};
		068032452BC578490009BF4E /* Data */ = {
			isa = PBXGroup;
			children = (
				068032692BC6C23B0009BF4E /* Model */,
				068032462BC578870009BF4E /* DataSource */,
				068032482BC5789A0009BF4E /* Repository */,
			);
			path = Data;
			sourceTree = "<group>";
		};
		068032462BC578870009BF4E /* DataSource */ = {
			isa = PBXGroup;
			children = (
				068032472BC5788E0009BF4E /* Local */,
			);
			path = DataSource;
			sourceTree = "<group>";
		};
		068032472BC5788E0009BF4E /* Local */ = {
			isa = PBXGroup;
			children = (
				0680326B2BC6C2640009BF4E /* RegionDataSource.swift */,
			);
			path = Local;
			sourceTree = "<group>";
		};
		068032482BC5789A0009BF4E /* Repository */ = {
			isa = PBXGroup;
			children = (
				068032672BC6C1CB0009BF4E /* RegionRepository.swift */,
			);
			path = Repository;
			sourceTree = "<group>";
		};
		068032492BC579540009BF4E /* Contant */ = {
			isa = PBXGroup;
			children = (
				0680324B2BC5797E0009BF4E /* Regex.swift */,
			);
			path = Contant;
			sourceTree = "<group>";
		};
		0680324D2BC5798B0009BF4E /* Views */ = {
			isa = PBXGroup;
			children = (
				068032582BC665D00009BF4E /* Extension */,
				064A26972BB8088D00D0D3C7 /* Cell */,
				06BBBD012BB1ECD500C0B0CC /* Navigations */,
				06A67F432BB34C70000660F3 /* Vc */,
				06BBBCF82BB1CF8500C0B0CC /* Storyboards */,
			);
			path = Views;
			sourceTree = "<group>";
		};
		0680324E2BC6572F0009BF4E /* Email */ = {
			isa = PBXGroup;
			children = (
				06CB67182BB4668C0095A24B /* EmailVC.swift */,
				068032522BC6589F0009BF4E /* EmailVM.swift */,
			);
			path = Email;
			sourceTree = "<group>";
		};
		0680324F2BC6573B0009BF4E /* Login */ = {
			isa = PBXGroup;
			children = (
				068032542BC65BDC0009BF4E /* LoginVC.swift */,
				068032562BC65BEC0009BF4E /* LoginVM.swift */,
			);
			name = Login;
			path = Login/Login;
			sourceTree = "<group>";
		};
		068032582BC665D00009BF4E /* Extension */ = {
			isa = PBXGroup;
			children = (
				068032592BC665E40009BF4E /* String.swift */,
				0680326D2BC827580009BF4E /* Array.swift */,
				0680325B2BC66B060009BF4E /* UITextField.swift */,
			);
			path = Extension;
			sourceTree = "<group>";
		};
		0680325D2BC6797C0009BF4E /* CreateAccount */ = {
			isa = PBXGroup;
			children = (
				064A26912BB7ACBC00D0D3C7 /* CreateAccountVC.swift */,
				0680325E2BC6799C0009BF4E /* CreateAccountVM.swift */,
			);
			path = CreateAccount;
			sourceTree = "<group>";
		};
		068032602BC67CC80009BF4E /* Welcome */ = {
			isa = PBXGroup;
			children = (
				064A26952BB7BCD500D0D3C7 /* WelcomeVC.swift */,
				068032612BC67D150009BF4E /* WelcomeVM.swift */,
			);
			path = Welcome;
			sourceTree = "<group>";
		};
		068032632BC67D620009BF4E /* NotiInfo */ = {
			isa = PBXGroup;
			children = (
				064A26932BB7B8F100D0D3C7 /* NotiInfoVC.swift */,
				068032642BC6813B0009BF4E /* NotiInfoVM.swift */,
			);
			path = NotiInfo;
			sourceTree = "<group>";
		};
		068032662BC6BD860009BF4E /* RegionCell */ = {
			isa = PBXGroup;
			children = (
				064A26982BB80BA700D0D3C7 /* RegionCell.swift */,
				064A26992BB80BA700D0D3C7 /* RegionCell.xib */,
			);
			path = RegionCell;
			sourceTree = "<group>";
		};
		068032692BC6C23B0009BF4E /* Model */ = {
			isa = PBXGroup;
			children = (
				064A269D2BB8209800D0D3C7 /* Region.swift */,
			);
			path = Model;
			sourceTree = "<group>";
		};
		06A67F432BB34C70000660F3 /* Vc */ = {
			isa = PBXGroup;
			children = (
				064788322BC937A00039A9C0 /* Tabbar */,
				0647882E2BC906DA0039A9C0 /* Home */,
				064788352BC938F90039A9C0 /* Explore */,
				064788382BC939590039A9C0 /* Trip */,
				0647883B2BC9398D0039A9C0 /* Profile */,
				06CD20EE2BCDA68A00784D30 /* FlightDetail */,
				06CD20ED2BCDA64F00784D30 /* FlightList */,
				06CD20E82BCDA62A00784D30 /* FlightSearch */,
				068032632BC67D620009BF4E /* NotiInfo */,
				068032602BC67CC80009BF4E /* Welcome */,
				0680325D2BC6797C0009BF4E /* CreateAccount */,
				0680324E2BC6572F0009BF4E /* Email */,
				0680324F2BC6573B0009BF4E /* Login */,
			);
			path = Vc;
			sourceTree = "<group>";
		};
		06BBBCD82BB1CD0600C0B0CC = {
			isa = PBXGroup;
			children = (
				06BBBCE32BB1CD0600C0B0CC /* KAYAK */,
				06BBBCE22BB1CD0600C0B0CC /* Products */,
			);
			sourceTree = "<group>";
		};
		06BBBCE22BB1CD0600C0B0CC /* Products */ = {
			isa = PBXGroup;
			children = (
				06BBBCE12BB1CD0600C0B0CC /* KAYAK.app */,
			);
			name = Products;
			sourceTree = "<group>";
		};
		06BBBCE32BB1CD0600C0B0CC /* KAYAK */ = {
			isa = PBXGroup;
			children = (
				068032492BC579540009BF4E /* Contant */,
				068032452BC578490009BF4E /* Data */,
				0680324D2BC5798B0009BF4E /* Views */,
				06BBBCE42BB1CD0600C0B0CC /* AppDelegate.swift */,
				06BBBCE62BB1CD0600C0B0CC /* SceneDelegate.swift */,
				06BBBCED2BB1CD0A00C0B0CC /* Assets.xcassets */,
				06BBBCEF2BB1CD0A00C0B0CC /* LaunchScreen.storyboard */,
				06BBBCF22BB1CD0A00C0B0CC /* Info.plist */,
			);
			path = KAYAK;
			sourceTree = "<group>";
		};
		06BBBCF82BB1CF8500C0B0CC /* Storyboards */ = {
			isa = PBXGroup;
			children = (
				06BBBCEA2BB1CD0600C0B0CC /* Main.storyboard */,
				068032702BC8F8DE0009BF4E /* Home.storyboard */,
			);
			path = Storyboards;
			sourceTree = "<group>";
		};
		06BBBD012BB1ECD500C0B0CC /* Navigations */ = {
			isa = PBXGroup;
			children = (
				06BBBCFF2BB1ECCC00C0B0CC /* RootNC.swift */,
			);
			path = Navigations;
			sourceTree = "<group>";
		};
		06CD20E82BCDA62A00784D30 /* FlightSearch */ = {
			isa = PBXGroup;
			children = (
				06CD20E92BCDA63F00784D30 /* FlightSearchVC.swift */,
				06CD20EB2BCDA64C00784D30 /* FlightSearchVM.swift */,
			);
			path = FlightSearch;
			sourceTree = "<group>";
		};
		06CD20ED2BCDA64F00784D30 /* FlightList */ = {
			isa = PBXGroup;
			children = (
				06CD20F12BCDA6A200784D30 /* FlightListVC.swift */,
				06CD20F42BCDA6BB00784D30 /* FlightListVM.swift */,
			);
			path = FlightList;
			sourceTree = "<group>";
		};
		06CD20EE2BCDA68A00784D30 /* FlightDetail */ = {
			isa = PBXGroup;
			children = (
				06CD20EF2BCDA69800784D30 /* FlightDetailVC.swift */,
				06CD20F62BCDA6C400784D30 /* FlightDetailVM.swift */,
			);
			path = FlightDetail;
			sourceTree = "<group>";
		};
/* End PBXGroup section */

/* Begin PBXNativeTarget section */
		06BBBCE02BB1CD0600C0B0CC /* KAYAK */ = {
			isa = PBXNativeTarget;
			buildConfigurationList = 06BBBCF52BB1CD0A00C0B0CC /* Build configuration list for PBXNativeTarget "KAYAK" */;
			buildPhases = (
				06BBBCDD2BB1CD0600C0B0CC /* Sources */,
				06BBBCDE2BB1CD0600C0B0CC /* Frameworks */,
				06BBBCDF2BB1CD0600C0B0CC /* Resources */,
			);
			buildRules = (
			);
			dependencies = (
			);
			name = KAYAK;
			productName = KAYAK;
			productReference = 06BBBCE12BB1CD0600C0B0CC /* KAYAK.app */;
			productType = "com.apple.product-type.application";
		};
/* End PBXNativeTarget section */

/* Begin PBXProject section */
		06BBBCD92BB1CD0600C0B0CC /* Project object */ = {
			isa = PBXProject;
			attributes = {
				BuildIndependentTargetsInParallel = 1;
				LastSwiftUpdateCheck = 1530;
				LastUpgradeCheck = 1530;
				TargetAttributes = {
					06BBBCE02BB1CD0600C0B0CC = {
						CreatedOnToolsVersion = 15.3;
					};
				};
			};
			buildConfigurationList = 06BBBCDC2BB1CD0600C0B0CC /* Build configuration list for PBXProject "KAYAK" */;
			compatibilityVersion = "Xcode 14.0";
			developmentRegion = en;
			hasScannedForEncodings = 0;
			knownRegions = (
				en,
				Base,
			);
			mainGroup = 06BBBCD82BB1CD0600C0B0CC;
			productRefGroup = 06BBBCE22BB1CD0600C0B0CC /* Products */;
			projectDirPath = "";
			projectRoot = "";
			targets = (
				06BBBCE02BB1CD0600C0B0CC /* KAYAK */,
			);
		};
/* End PBXProject section */

/* Begin PBXResourcesBuildPhase section */
		06BBBCDF2BB1CD0600C0B0CC /* Resources */ = {
			isa = PBXResourcesBuildPhase;
			buildActionMask = 2147483647;
			files = (
				06BBBCEE2BB1CD0A00C0B0CC /* Assets.xcassets in Resources */,
				068032712BC8F8DE0009BF4E /* Home.storyboard in Resources */,
				06BBBCF12BB1CD0A00C0B0CC /* Base in Resources */,
				06BBBCEC2BB1CD0600C0B0CC /* Base in Resources */,
				064A269B2BB80BA700D0D3C7 /* RegionCell.xib in Resources */,
			);
			runOnlyForDeploymentPostprocessing = 0;
		};
/* End PBXResourcesBuildPhase section */

/* Begin PBXSourcesBuildPhase section */
		06BBBCDD2BB1CD0600C0B0CC /* Sources */ = {
			isa = PBXSourcesBuildPhase;
			buildActionMask = 2147483647;
			files = (
				068032572BC65BEC0009BF4E /* LoginVM.swift in Sources */,
				06BBBCE52BB1CD0600C0B0CC /* AppDelegate.swift in Sources */,
				0680325F2BC6799C0009BF4E /* CreateAccountVM.swift in Sources */,
				0680326C2BC6C2640009BF4E /* RegionDataSource.swift in Sources */,
				068032532BC6589F0009BF4E /* EmailVM.swift in Sources */,
				0680325C2BC66B060009BF4E /* UITextField.swift in Sources */,
				064788302BC906E90039A9C0 /* HomeVC.swift in Sources */,
				064788372BC9390D0039A9C0 /* ExploreVC.swift in Sources */,
				06BBBCE72BB1CD0600C0B0CC /* SceneDelegate.swift in Sources */,
				06CD20F52BCDA6BB00784D30 /* FlightListVM.swift in Sources */,
				068032652BC6813B0009BF4E /* NotiInfoVM.swift in Sources */,
				064A269A2BB80BA700D0D3C7 /* RegionCell.swift in Sources */,
				064A26962BB7BCD500D0D3C7 /* WelcomeVC.swift in Sources */,
				0680324C2BC5797E0009BF4E /* Regex.swift in Sources */,
				06CB67192BB4668C0095A24B /* EmailVC.swift in Sources */,
				064788342BC937C00039A9C0 /* TabBarVC.swift in Sources */,
				064A26922BB7ACBD00D0D3C7 /* CreateAccountVC.swift in Sources */,
				068032552BC65BDC0009BF4E /* LoginVC.swift in Sources */,
				06CD20F22BCDA6A200784D30 /* FlightListVC.swift in Sources */,
				06CD20EC2BCDA64C00784D30 /* FlightSearchVM.swift in Sources */,
				064A269E2BB8209800D0D3C7 /* Region.swift in Sources */,
				068032622BC67D150009BF4E /* WelcomeVM.swift in Sources */,
				0680326E2BC827590009BF4E /* Array.swift in Sources */,
				0647883D2BC9399C0039A9C0 /* ProfileVC.swift in Sources */,
				06CD20F02BCDA69800784D30 /* FlightDetailVC.swift in Sources */,
				0680325A2BC665E40009BF4E /* String.swift in Sources */,
				068032682BC6C1CB0009BF4E /* RegionRepository.swift in Sources */,
				06CD20EA2BCDA63F00784D30 /* FlightSearchVC.swift in Sources */,
				06BBBD002BB1ECCC00C0B0CC /* RootNC.swift in Sources */,
				064A26942BB7B8F100D0D3C7 /* NotiInfoVC.swift in Sources */,
				0647883A2BC939690039A9C0 /* TripVC.swift in Sources */,
				06CD20F72BCDA6C400784D30 /* FlightDetailVM.swift in Sources */,
			);
			runOnlyForDeploymentPostprocessing = 0;
		};
/* End PBXSourcesBuildPhase section */

/* Begin PBXVariantGroup section */
		06BBBCEA2BB1CD0600C0B0CC /* Main.storyboard */ = {
			isa = PBXVariantGroup;
			children = (
				06BBBCEB2BB1CD0600C0B0CC /* Base */,
			);
			name = Main.storyboard;
			sourceTree = "<group>";
		};
		06BBBCEF2BB1CD0A00C0B0CC /* LaunchScreen.storyboard */ = {
			isa = PBXVariantGroup;
			children = (
				06BBBCF02BB1CD0A00C0B0CC /* Base */,
			);
			name = LaunchScreen.storyboard;
			sourceTree = "<group>";
		};
/* End PBXVariantGroup section */

/* Begin XCBuildConfiguration section */
		06BBBCF32BB1CD0A00C0B0CC /* Debug */ = {
			isa = XCBuildConfiguration;
			buildSettings = {
				ALWAYS_SEARCH_USER_PATHS = NO;
				ASSETCATALOG_COMPILER_GENERATE_SWIFT_ASSET_SYMBOL_EXTENSIONS = YES;
				CLANG_ANALYZER_NONNULL = YES;
				CLANG_ANALYZER_NUMBER_OBJECT_CONVERSION = YES_AGGRESSIVE;
				CLANG_CXX_LANGUAGE_STANDARD = "gnu++20";
				CLANG_ENABLE_MODULES = YES;
				CLANG_ENABLE_OBJC_ARC = YES;
				CLANG_ENABLE_OBJC_WEAK = YES;
				CLANG_WARN_BLOCK_CAPTURE_AUTORELEASING = YES;
				CLANG_WARN_BOOL_CONVERSION = YES;
				CLANG_WARN_COMMA = YES;
				CLANG_WARN_CONSTANT_CONVERSION = YES;
				CLANG_WARN_DEPRECATED_OBJC_IMPLEMENTATIONS = YES;
				CLANG_WARN_DIRECT_OBJC_ISA_USAGE = YES_ERROR;
				CLANG_WARN_DOCUMENTATION_COMMENTS = YES;
				CLANG_WARN_EMPTY_BODY = YES;
				CLANG_WARN_ENUM_CONVERSION = YES;
				CLANG_WARN_INFINITE_RECURSION = YES;
				CLANG_WARN_INT_CONVERSION = YES;
				CLANG_WARN_NON_LITERAL_NULL_CONVERSION = YES;
				CLANG_WARN_OBJC_IMPLICIT_RETAIN_SELF = YES;
				CLANG_WARN_OBJC_LITERAL_CONVERSION = YES;
				CLANG_WARN_OBJC_ROOT_CLASS = YES_ERROR;
				CLANG_WARN_QUOTED_INCLUDE_IN_FRAMEWORK_HEADER = YES;
				CLANG_WARN_RANGE_LOOP_ANALYSIS = YES;
				CLANG_WARN_STRICT_PROTOTYPES = YES;
				CLANG_WARN_SUSPICIOUS_MOVE = YES;
				CLANG_WARN_UNGUARDED_AVAILABILITY = YES_AGGRESSIVE;
				CLANG_WARN_UNREACHABLE_CODE = YES;
				CLANG_WARN__DUPLICATE_METHOD_MATCH = YES;
				COPY_PHASE_STRIP = NO;
				DEBUG_INFORMATION_FORMAT = dwarf;
				ENABLE_STRICT_OBJC_MSGSEND = YES;
				ENABLE_TESTABILITY = YES;
				ENABLE_USER_SCRIPT_SANDBOXING = YES;
				GCC_C_LANGUAGE_STANDARD = gnu17;
				GCC_DYNAMIC_NO_PIC = NO;
				GCC_NO_COMMON_BLOCKS = YES;
				GCC_OPTIMIZATION_LEVEL = 0;
				GCC_PREPROCESSOR_DEFINITIONS = (
					"DEBUG=1",
					"$(inherited)",
				);
				GCC_WARN_64_TO_32_BIT_CONVERSION = YES;
				GCC_WARN_ABOUT_RETURN_TYPE = YES_ERROR;
				GCC_WARN_UNDECLARED_SELECTOR = YES;
				GCC_WARN_UNINITIALIZED_AUTOS = YES_AGGRESSIVE;
				GCC_WARN_UNUSED_FUNCTION = YES;
				GCC_WARN_UNUSED_VARIABLE = YES;
				IPHONEOS_DEPLOYMENT_TARGET = 17.4;
				LOCALIZATION_PREFERS_STRING_CATALOGS = YES;
				MTL_ENABLE_DEBUG_INFO = INCLUDE_SOURCE;
				MTL_FAST_MATH = YES;
				ONLY_ACTIVE_ARCH = YES;
				SDKROOT = iphoneos;
				SWIFT_ACTIVE_COMPILATION_CONDITIONS = "DEBUG $(inherited)";
				SWIFT_OPTIMIZATION_LEVEL = "-Onone";
			};
			name = Debug;
		};
		06BBBCF42BB1CD0A00C0B0CC /* Release */ = {
			isa = XCBuildConfiguration;
			buildSettings = {
				ALWAYS_SEARCH_USER_PATHS = NO;
				ASSETCATALOG_COMPILER_GENERATE_SWIFT_ASSET_SYMBOL_EXTENSIONS = YES;
				CLANG_ANALYZER_NONNULL = YES;
				CLANG_ANALYZER_NUMBER_OBJECT_CONVERSION = YES_AGGRESSIVE;
				CLANG_CXX_LANGUAGE_STANDARD = "gnu++20";
				CLANG_ENABLE_MODULES = YES;
				CLANG_ENABLE_OBJC_ARC = YES;
				CLANG_ENABLE_OBJC_WEAK = YES;
				CLANG_WARN_BLOCK_CAPTURE_AUTORELEASING = YES;
				CLANG_WARN_BOOL_CONVERSION = YES;
				CLANG_WARN_COMMA = YES;
				CLANG_WARN_CONSTANT_CONVERSION = YES;
				CLANG_WARN_DEPRECATED_OBJC_IMPLEMENTATIONS = YES;
				CLANG_WARN_DIRECT_OBJC_ISA_USAGE = YES_ERROR;
				CLANG_WARN_DOCUMENTATION_COMMENTS = YES;
				CLANG_WARN_EMPTY_BODY = YES;
				CLANG_WARN_ENUM_CONVERSION = YES;
				CLANG_WARN_INFINITE_RECURSION = YES;
				CLANG_WARN_INT_CONVERSION = YES;
				CLANG_WARN_NON_LITERAL_NULL_CONVERSION = YES;
				CLANG_WARN_OBJC_IMPLICIT_RETAIN_SELF = YES;
				CLANG_WARN_OBJC_LITERAL_CONVERSION = YES;
				CLANG_WARN_OBJC_ROOT_CLASS = YES_ERROR;
				CLANG_WARN_QUOTED_INCLUDE_IN_FRAMEWORK_HEADER = YES;
				CLANG_WARN_RANGE_LOOP_ANALYSIS = YES;
				CLANG_WARN_STRICT_PROTOTYPES = YES;
				CLANG_WARN_SUSPICIOUS_MOVE = YES;
				CLANG_WARN_UNGUARDED_AVAILABILITY = YES_AGGRESSIVE;
				CLANG_WARN_UNREACHABLE_CODE = YES;
				CLANG_WARN__DUPLICATE_METHOD_MATCH = YES;
				COPY_PHASE_STRIP = NO;
				DEBUG_INFORMATION_FORMAT = "dwarf-with-dsym";
				ENABLE_NS_ASSERTIONS = NO;
				ENABLE_STRICT_OBJC_MSGSEND = YES;
				ENABLE_USER_SCRIPT_SANDBOXING = YES;
				GCC_C_LANGUAGE_STANDARD = gnu17;
				GCC_NO_COMMON_BLOCKS = YES;
				GCC_WARN_64_TO_32_BIT_CONVERSION = YES;
				GCC_WARN_ABOUT_RETURN_TYPE = YES_ERROR;
				GCC_WARN_UNDECLARED_SELECTOR = YES;
				GCC_WARN_UNINITIALIZED_AUTOS = YES_AGGRESSIVE;
				GCC_WARN_UNUSED_FUNCTION = YES;
				GCC_WARN_UNUSED_VARIABLE = YES;
				IPHONEOS_DEPLOYMENT_TARGET = 17.4;
				LOCALIZATION_PREFERS_STRING_CATALOGS = YES;
				MTL_ENABLE_DEBUG_INFO = NO;
				MTL_FAST_MATH = YES;
				SDKROOT = iphoneos;
				SWIFT_COMPILATION_MODE = wholemodule;
				VALIDATE_PRODUCT = YES;
			};
			name = Release;
		};
		06BBBCF62BB1CD0A00C0B0CC /* Debug */ = {
			isa = XCBuildConfiguration;
			buildSettings = {
				ASSETCATALOG_COMPILER_APPICON_NAME = AppIcon;
				ASSETCATALOG_COMPILER_GLOBAL_ACCENT_COLOR_NAME = AccentColor;
				CODE_SIGN_IDENTITY = "Apple Development";
				CODE_SIGN_STYLE = Automatic;
				CURRENT_PROJECT_VERSION = 1;
				DEVELOPMENT_TEAM = TBSLHJAF4T;
				GENERATE_INFOPLIST_FILE = YES;
				INFOPLIST_FILE = KAYAK/Info.plist;
				INFOPLIST_KEY_UIApplicationSupportsIndirectInputEvents = YES;
				INFOPLIST_KEY_UILaunchStoryboardName = LaunchScreen;
				INFOPLIST_KEY_UIMainStoryboardFile = Main;
				INFOPLIST_KEY_UISupportedInterfaceOrientations = UIInterfaceOrientationPortrait;
				INFOPLIST_KEY_UISupportedInterfaceOrientations_iPad = "UIInterfaceOrientationLandscapeLeft UIInterfaceOrientationLandscapeRight UIInterfaceOrientationPortrait UIInterfaceOrientationPortraitUpsideDown";
				IPHONEOS_DEPLOYMENT_TARGET = 16.0;
				LD_RUNPATH_SEARCH_PATHS = (
					"$(inherited)",
					"@executable_path/Frameworks",
				);
				MARKETING_VERSION = 1.0;
				PRODUCT_BUNDLE_IDENTIFIER = com.max.kayak;
				PRODUCT_NAME = "$(TARGET_NAME)";
				PROVISIONING_PROFILE_SPECIFIER = "";
				SUPPORTED_PLATFORMS = "iphoneos iphonesimulator";
				SUPPORTS_MACCATALYST = NO;
				SUPPORTS_MAC_DESIGNED_FOR_IPHONE_IPAD = NO;
				SUPPORTS_XR_DESIGNED_FOR_IPHONE_IPAD = NO;
				SWIFT_EMIT_LOC_STRINGS = YES;
				SWIFT_VERSION = 5.0;
				TARGETED_DEVICE_FAMILY = 1;
			};
			name = Debug;
		};
		06BBBCF72BB1CD0A00C0B0CC /* Release */ = {
			isa = XCBuildConfiguration;
			buildSettings = {
				ASSETCATALOG_COMPILER_APPICON_NAME = AppIcon;
				ASSETCATALOG_COMPILER_GLOBAL_ACCENT_COLOR_NAME = AccentColor;
				CODE_SIGN_IDENTITY = "Apple Development";
				CODE_SIGN_STYLE = Automatic;
				CURRENT_PROJECT_VERSION = 1;
				DEVELOPMENT_TEAM = TBSLHJAF4T;
				GENERATE_INFOPLIST_FILE = YES;
				INFOPLIST_FILE = KAYAK/Info.plist;
				INFOPLIST_KEY_UIApplicationSupportsIndirectInputEvents = YES;
				INFOPLIST_KEY_UILaunchStoryboardName = LaunchScreen;
				INFOPLIST_KEY_UIMainStoryboardFile = Main;
				INFOPLIST_KEY_UISupportedInterfaceOrientations = UIInterfaceOrientationPortrait;
				INFOPLIST_KEY_UISupportedInterfaceOrientations_iPad = "UIInterfaceOrientationLandscapeLeft UIInterfaceOrientationLandscapeRight UIInterfaceOrientationPortrait UIInterfaceOrientationPortraitUpsideDown";
				IPHONEOS_DEPLOYMENT_TARGET = 16.0;
				LD_RUNPATH_SEARCH_PATHS = (
					"$(inherited)",
					"@executable_path/Frameworks",
				);
				MARKETING_VERSION = 1.0;
				PRODUCT_BUNDLE_IDENTIFIER = com.max.kayak;
				PRODUCT_NAME = "$(TARGET_NAME)";
				PROVISIONING_PROFILE_SPECIFIER = "";
				SUPPORTED_PLATFORMS = "iphoneos iphonesimulator";
				SUPPORTS_MACCATALYST = NO;
				SUPPORTS_MAC_DESIGNED_FOR_IPHONE_IPAD = NO;
				SUPPORTS_XR_DESIGNED_FOR_IPHONE_IPAD = NO;
				SWIFT_EMIT_LOC_STRINGS = YES;
				SWIFT_VERSION = 5.0;
				TARGETED_DEVICE_FAMILY = 1;
			};
			name = Release;
		};
/* End XCBuildConfiguration section */

/* Begin XCConfigurationList section */
		06BBBCDC2BB1CD0600C0B0CC /* Build configuration list for PBXProject "KAYAK" */ = {
			isa = XCConfigurationList;
			buildConfigurations = (
				06BBBCF32BB1CD0A00C0B0CC /* Debug */,
				06BBBCF42BB1CD0A00C0B0CC /* Release */,
			);
			defaultConfigurationIsVisible = 0;
			defaultConfigurationName = Release;
		};
		06BBBCF52BB1CD0A00C0B0CC /* Build configuration list for PBXNativeTarget "KAYAK" */ = {
			isa = XCConfigurationList;
			buildConfigurations = (
				06BBBCF62BB1CD0A00C0B0CC /* Debug */,
				06BBBCF72BB1CD0A00C0B0CC /* Release */,
			);
			defaultConfigurationIsVisible = 0;
			defaultConfigurationName = Release;
		};
/* End XCConfigurationList section */
	};
	rootObject = 06BBBCD92BB1CD0600C0B0CC /* Project object */;
}
